
Microsoft Visual Studio Solution File, Format Version 12.00
# Visual Studio 14
VisualStudioVersion = 14.0.23107.0
MinimumVisualStudioVersion = 10.0.40219.1
Project("{FAE04EC0-301F-11D3-BF4B-00C04F79EFBC}") = "Domain.Data.Core", "Domain.Data.Core\Domain.Data.Core.csproj", "{0DCE2552-6471-4710-A006-E92CB9B60EAC}"
EndProject
Project("{FAE04EC0-301F-11D3-BF4B-00C04F79EFBC}") = "Common.Utils", "Common.Utils\Common.Utils.csproj", "{29AD490B-5DE7-4F9A-BAC0-A0188BF0DFB4}"
EndProject
Project("{FAE04EC0-301F-11D3-BF4B-00C04F79EFBC}") = "Common.GeoLocation", "Common.GeoLocation\Common.GeoLocation.csproj", "{0398D982-8CC7-4DD0-8FD6-CE0E21783F46}"
EndProject
Project("{FAE04EC0-301F-11D3-BF4B-00C04F79EFBC}") = "Common.Mailer", "Common.Mailer\Common.Mailer.csproj", "{B2475931-2711-4964-8501-2346B001E2FD}"
EndProject
Project("{FAE04EC0-301F-11D3-BF4B-00C04F79EFBC}") = "Common.MongoStorage", "Common.MongoStorage\Common.MongoStorage.csproj", "{2D6FAF23-608F-4D79-B078-EEBA827D5F78}"
EndProject
Project("{2150E333-8FDC-42A3-9474-1A3956D46DE8}") = "1. Presentation", "1. Presentation", "{AF67BD51-7B51-4E69-944C-4055F2B31EE8}"
EndProject
Project("{2150E333-8FDC-42A3-9474-1A3956D46DE8}") = "2. Services", "2. Services", "{8F337A2D-F9DB-49C6-9D19-20030311A99B}"
EndProject
Project("{2150E333-8FDC-42A3-9474-1A3956D46DE8}") = "3. Domain", "3. Domain", "{0BC529E8-2717-4768-8EE7-C6AAABA56484}"
EndProject
Project("{2150E333-8FDC-42A3-9474-1A3956D46DE8}") = "4. Repositories", "4. Repositories", "{B89F7FB9-7946-469F-91C6-0957AF0A38D2}"
EndProject
Project("{2150E333-8FDC-42A3-9474-1A3956D46DE8}") = "5. Common", "5. Common", "{023F76F3-8509-48CF-AFA9-C01834787396}"
EndProject
Project("{FAE04EC0-301F-11D3-BF4B-00C04F79EFBC}") = "Domain.Data.Identity", "Domain.Data.Identity\Domain.Data.Identity.csproj", "{54F6C38D-F433-40C3-A850-26F6D6DDDFC5}"
EndProject
Project("{FAE04EC0-301F-11D3-BF4B-00C04F79EFBC}") = "Domain.Data.Models", "Domain.Data.Models\Domain.Data.Models.csproj", "{7B7FB9F6-5512-40C5-9382-4E4D5A9F89E9}"
EndProject
Project("{FAE04EC0-301F-11D3-BF4B-00C04F79EFBC}") = "Repositories.Interfaces", "Repositories.Interfaces\Repositories.Interfaces.csproj", "{A5E2F3D1-DB06-45BD-961E-7DC69F9190F2}"
EndProject
Project("{FAE04EC0-301F-11D3-BF4B-00C04F79EFBC}") = "Repositories.MongoDb", "Repositories.MongoDb\Repositories.MongoDb.csproj", "{0D52987F-52C3-42D5-9240-301C18D7BDE2}"
EndProject
Project("{FAE04EC0-301F-11D3-BF4B-00C04F79EFBC}") = "Services.Interfaces", "Services.Interfaces\Services.Interfaces.csproj", "{7B4D8C97-2008-4008-8A45-B07C7F53353B}"
EndProject
Project("{FAE04EC0-301F-11D3-BF4B-00C04F79EFBC}") = "Services", "Services\Services.csproj", "{738D7E2B-303B-4FC7-A648-690F42F65F4E}"
EndProject
Project("{FAE04EC0-301F-11D3-BF4B-00C04F79EFBC}") = "Api.Common", "Api.Common\Api.Common.csproj", "{FE759572-D9FE-402D-AAF6-0163AF5C186E}"
EndProject
Project("{FAE04EC0-301F-11D3-BF4B-00C04F79EFBC}") = "Api.HelpPage", "Api.HelpPage\Api.HelpPage.csproj", "{E628AC1C-3E56-467B-A108-086941D53280}"
EndProject
Project("{FAE04EC0-301F-11D3-BF4B-00C04F79EFBC}") = "Api", "Bartrade.Api\Api.csproj", "{3397D0D7-EBB8-406A-A6F3-CD8382468F0B}"
EndProject
Global
	GlobalSection(SolutionConfigurationPlatforms) = preSolution
		Debug|Any CPU = Debug|Any CPU
		QA|Any CPU = QA|Any CPU
		Release|Any CPU = Release|Any CPU
	EndGlobalSection
	GlobalSection(ProjectConfigurationPlatforms) = postSolution
		{0DCE2552-6471-4710-A006-E92CB9B60EAC}.Debug|Any CPU.ActiveCfg = Debug|Any CPU
		{0DCE2552-6471-4710-A006-E92CB9B60EAC}.Debug|Any CPU.Build.0 = Debug|Any CPU
		{0DCE2552-6471-4710-A006-E92CB9B60EAC}.QA|Any CPU.ActiveCfg = QA|Any CPU
		{0DCE2552-6471-4710-A006-E92CB9B60EAC}.QA|Any CPU.Build.0 = QA|Any CPU
		{0DCE2552-6471-4710-A006-E92CB9B60EAC}.Release|Any CPU.ActiveCfg = Release|Any CPU
		{0DCE2552-6471-4710-A006-E92CB9B60EAC}.Release|Any CPU.Build.0 = Release|Any CPU
		{29AD490B-5DE7-4F9A-BAC0-A0188BF0DFB4}.Debug|Any CPU.ActiveCfg = Debug|Any CPU
		{29AD490B-5DE7-4F9A-BAC0-A0188BF0DFB4}.Debug|Any CPU.Build.0 = Debug|Any CPU
		{29AD490B-5DE7-4F9A-BAC0-A0188BF0DFB4}.QA|Any CPU.ActiveCfg = QA|Any CPU
		{29AD490B-5DE7-4F9A-BAC0-A0188BF0DFB4}.QA|Any CPU.Build.0 = QA|Any CPU
		{29AD490B-5DE7-4F9A-BAC0-A0188BF0DFB4}.Release|Any CPU.ActiveCfg = Release|Any CPU
		{29AD490B-5DE7-4F9A-BAC0-A0188BF0DFB4}.Release|Any CPU.Build.0 = Release|Any CPU
		{0398D982-8CC7-4DD0-8FD6-CE0E21783F46}.Debug|Any CPU.ActiveCfg = Debug|Any CPU
		{0398D982-8CC7-4DD0-8FD6-CE0E21783F46}.Debug|Any CPU.Build.0 = Debug|Any CPU
		{0398D982-8CC7-4DD0-8FD6-CE0E21783F46}.QA|Any CPU.ActiveCfg = QA|Any CPU
		{0398D982-8CC7-4DD0-8FD6-CE0E21783F46}.QA|Any CPU.Build.0 = QA|Any CPU
		{0398D982-8CC7-4DD0-8FD6-CE0E21783F46}.Release|Any CPU.ActiveCfg = Release|Any CPU
		{0398D982-8CC7-4DD0-8FD6-CE0E21783F46}.Release|Any CPU.Build.0 = Release|Any CPU
		{B2475931-2711-4964-8501-2346B001E2FD}.Debug|Any CPU.ActiveCfg = Debug|Any CPU
		{B2475931-2711-4964-8501-2346B001E2FD}.Debug|Any CPU.Build.0 = Debug|Any CPU
		{B2475931-2711-4964-8501-2346B001E2FD}.QA|Any CPU.ActiveCfg = QA|Any CPU
		{B2475931-2711-4964-8501-2346B001E2FD}.QA|Any CPU.Build.0 = QA|Any CPU
		{B2475931-2711-4964-8501-2346B001E2FD}.Release|Any CPU.ActiveCfg = Release|Any CPU
		{B2475931-2711-4964-8501-2346B001E2FD}.Release|Any CPU.Build.0 = Release|Any CPU
		{2D6FAF23-608F-4D79-B078-EEBA827D5F78}.Debug|Any CPU.ActiveCfg = Debug|Any CPU
		{2D6FAF23-608F-4D79-B078-EEBA827D5F78}.Debug|Any CPU.Build.0 = Debug|Any CPU
		{2D6FAF23-608F-4D79-B078-EEBA827D5F78}.QA|Any CPU.ActiveCfg = QA|Any CPU
		{2D6FAF23-608F-4D79-B078-EEBA827D5F78}.QA|Any CPU.Build.0 = QA|Any CPU
		{2D6FAF23-608F-4D79-B078-EEBA827D5F78}.Release|Any CPU.ActiveCfg = Release|Any CPU
		{2D6FAF23-608F-4D79-B078-EEBA827D5F78}.Release|Any CPU.Build.0 = Release|Any CPU
		{54F6C38D-F433-40C3-A850-26F6D6DDDFC5}.Debug|Any CPU.ActiveCfg = Debug|Any CPU
		{54F6C38D-F433-40C3-A850-26F6D6DDDFC5}.Debug|Any CPU.Build.0 = Debug|Any CPU
		{54F6C38D-F433-40C3-A850-26F6D6DDDFC5}.QA|Any CPU.ActiveCfg = QA|Any CPU
		{54F6C38D-F433-40C3-A850-26F6D6DDDFC5}.QA|Any CPU.Build.0 = QA|Any CPU
		{54F6C38D-F433-40C3-A850-26F6D6DDDFC5}.Release|Any CPU.ActiveCfg = Release|Any CPU
		{54F6C38D-F433-40C3-A850-26F6D6DDDFC5}.Release|Any CPU.Build.0 = Release|Any CPU
		{7B7FB9F6-5512-40C5-9382-4E4D5A9F89E9}.Debug|Any CPU.ActiveCfg = Debug|Any CPU
		{7B7FB9F6-5512-40C5-9382-4E4D5A9F89E9}.Debug|Any CPU.Build.0 = Debug|Any CPU
		{7B7FB9F6-5512-40C5-9382-4E4D5A9F89E9}.QA|Any CPU.ActiveCfg = QA|Any CPU
		{7B7FB9F6-5512-40C5-9382-4E4D5A9F89E9}.QA|Any CPU.Build.0 = QA|Any CPU
		{7B7FB9F6-5512-40C5-9382-4E4D5A9F89E9}.Release|Any CPU.ActiveCfg = Release|Any CPU
		{7B7FB9F6-5512-40C5-9382-4E4D5A9F89E9}.Release|Any CPU.Build.0 = Release|Any CPU
		{A5E2F3D1-DB06-45BD-961E-7DC69F9190F2}.Debug|Any CPU.ActiveCfg = Debug|Any CPU
		{A5E2F3D1-DB06-45BD-961E-7DC69F9190F2}.Debug|Any CPU.Build.0 = Debug|Any CPU
		{A5E2F3D1-DB06-45BD-961E-7DC69F9190F2}.QA|Any CPU.ActiveCfg = QA|Any CPU
		{A5E2F3D1-DB06-45BD-961E-7DC69F9190F2}.QA|Any CPU.Build.0 = QA|Any CPU
		{A5E2F3D1-DB06-45BD-961E-7DC69F9190F2}.Release|Any CPU.ActiveCfg = Release|Any CPU
		{A5E2F3D1-DB06-45BD-961E-7DC69F9190F2}.Release|Any CPU.Build.0 = Release|Any CPU
		{0D52987F-52C3-42D5-9240-301C18D7BDE2}.Debug|Any CPU.ActiveCfg = Debug|Any CPU
		{0D52987F-52C3-42D5-9240-301C18D7BDE2}.Debug|Any CPU.Build.0 = Debug|Any CPU
		{0D52987F-52C3-42D5-9240-301C18D7BDE2}.QA|Any CPU.ActiveCfg = QA|Any CPU
		{0D52987F-52C3-42D5-9240-301C18D7BDE2}.QA|Any CPU.Build.0 = QA|Any CPU
		{0D52987F-52C3-42D5-9240-301C18D7BDE2}.Release|Any CPU.ActiveCfg = Release|Any CPU
		{0D52987F-52C3-42D5-9240-301C18D7BDE2}.Release|Any CPU.Build.0 = Release|Any CPU
		{7B4D8C97-2008-4008-8A45-B07C7F53353B}.Debug|Any CPU.ActiveCfg = Debug|Any CPU
		{7B4D8C97-2008-4008-8A45-B07C7F53353B}.Debug|Any CPU.Build.0 = Debug|Any CPU
		{7B4D8C97-2008-4008-8A45-B07C7F53353B}.QA|Any CPU.ActiveCfg = QA|Any CPU
		{7B4D8C97-2008-4008-8A45-B07C7F53353B}.QA|Any CPU.Build.0 = QA|Any CPU
		{7B4D8C97-2008-4008-8A45-B07C7F53353B}.Release|Any CPU.ActiveCfg = Release|Any CPU
		{7B4D8C97-2008-4008-8A45-B07C7F53353B}.Release|Any CPU.Build.0 = Release|Any CPU
		{738D7E2B-303B-4FC7-A648-690F42F65F4E}.Debug|Any CPU.ActiveCfg = Debug|Any CPU
		{738D7E2B-303B-4FC7-A648-690F42F65F4E}.Debug|Any CPU.Build.0 = Debug|Any CPU
		{738D7E2B-303B-4FC7-A648-690F42F65F4E}.QA|Any CPU.ActiveCfg = QA|Any CPU
		{738D7E2B-303B-4FC7-A648-690F42F65F4E}.QA|Any CPU.Build.0 = QA|Any CPU
		{738D7E2B-303B-4FC7-A648-690F42F65F4E}.Release|Any CPU.ActiveCfg = Release|Any CPU
		{738D7E2B-303B-4FC7-A648-690F42F65F4E}.Release|Any CPU.Build.0 = Release|Any CPU
		{FE759572-D9FE-402D-AAF6-0163AF5C186E}.Debug|Any CPU.ActiveCfg = Debug|Any CPU
		{FE759572-D9FE-402D-AAF6-0163AF5C186E}.Debug|Any CPU.Build.0 = Debug|Any CPU
		{FE759572-D9FE-402D-AAF6-0163AF5C186E}.QA|Any CPU.ActiveCfg = QA|Any CPU
		{FE759572-D9FE-402D-AAF6-0163AF5C186E}.QA|Any CPU.Build.0 = QA|Any CPU
		{FE759572-D9FE-402D-AAF6-0163AF5C186E}.Release|Any CPU.ActiveCfg = Release|Any CPU
		{FE759572-D9FE-402D-AAF6-0163AF5C186E}.Release|Any CPU.Build.0 = Release|Any CPU
		{E628AC1C-3E56-467B-A108-086941D53280}.Debug|Any CPU.ActiveCfg = Debug|Any CPU
		{E628AC1C-3E56-467B-A108-086941D53280}.Debug|Any CPU.Build.0 = Debug|Any CPU
		{E628AC1C-3E56-467B-A108-086941D53280}.QA|Any CPU.ActiveCfg = QA|Any CPU
		{E628AC1C-3E56-467B-A108-086941D53280}.QA|Any CPU.Build.0 = QA|Any CPU
		{E628AC1C-3E56-467B-A108-086941D53280}.Release|Any CPU.ActiveCfg = Release|Any CPU
		{E628AC1C-3E56-467B-A108-086941D53280}.Release|Any CPU.Build.0 = Release|Any CPU
		{3397D0D7-EBB8-406A-A6F3-CD8382468F0B}.Debug|Any CPU.ActiveCfg = Debug|Any CPU
		{3397D0D7-EBB8-406A-A6F3-CD8382468F0B}.Debug|Any CPU.Build.0 = Debug|Any CPU
		{3397D0D7-EBB8-406A-A6F3-CD8382468F0B}.QA|Any CPU.ActiveCfg = QA|Any CPU
		{3397D0D7-EBB8-406A-A6F3-CD8382468F0B}.QA|Any CPU.Build.0 = QA|Any CPU
		{3397D0D7-EBB8-406A-A6F3-CD8382468F0B}.Release|Any CPU.ActiveCfg = Release|Any CPU
		{3397D0D7-EBB8-406A-A6F3-CD8382468F0B}.Release|Any CPU.Build.0 = Release|Any CPU
	EndGlobalSection
	GlobalSection(SolutionProperties) = preSolution
		HideSolutionNode = FALSE
	EndGlobalSection
	GlobalSection(NestedProjects) = preSolution
		{0DCE2552-6471-4710-A006-E92CB9B60EAC} = {0BC529E8-2717-4768-8EE7-C6AAABA56484}
		{29AD490B-5DE7-4F9A-BAC0-A0188BF0DFB4} = {023F76F3-8509-48CF-AFA9-C01834787396}
		{0398D982-8CC7-4DD0-8FD6-CE0E21783F46} = {023F76F3-8509-48CF-AFA9-C01834787396}
		{B2475931-2711-4964-8501-2346B001E2FD} = {023F76F3-8509-48CF-AFA9-C01834787396}
		{2D6FAF23-608F-4D79-B078-EEBA827D5F78} = {023F76F3-8509-48CF-AFA9-C01834787396}
		{54F6C38D-F433-40C3-A850-26F6D6DDDFC5} = {0BC529E8-2717-4768-8EE7-C6AAABA56484}
		{7B7FB9F6-5512-40C5-9382-4E4D5A9F89E9} = {0BC529E8-2717-4768-8EE7-C6AAABA56484}
		{A5E2F3D1-DB06-45BD-961E-7DC69F9190F2} = {B89F7FB9-7946-469F-91C6-0957AF0A38D2}
		{0D52987F-52C3-42D5-9240-301C18D7BDE2} = {B89F7FB9-7946-469F-91C6-0957AF0A38D2}
		{7B4D8C97-2008-4008-8A45-B07C7F53353B} = {8F337A2D-F9DB-49C6-9D19-20030311A99B}
		{738D7E2B-303B-4FC7-A648-690F42F65F4E} = {8F337A2D-F9DB-49C6-9D19-20030311A99B}
		{FE759572-D9FE-402D-AAF6-0163AF5C186E} = {AF67BD51-7B51-4E69-944C-4055F2B31EE8}
		{E628AC1C-3E56-467B-A108-086941D53280} = {AF67BD51-7B51-4E69-944C-4055F2B31EE8}
		{3397D0D7-EBB8-406A-A6F3-CD8382468F0B} = {AF67BD51-7B51-4E69-944C-4055F2B31EE8}
	EndGlobalSection
EndGlobal
